
Microsoft Visual Studio Solution File, Format Version 12.00
# Visual Studio Version 17
VisualStudioVersion = 17.9.34616.47
MinimumVisualStudioVersion = 10.0.40219.1
Project("{9A19103F-16F7-4668-BE54-9A1E7A4F7556}") = "PharmacyApp", "PharmacyApp\PharmacyApp.csproj", "{1FB95624-407E-4B8D-B715-0173C5D13B15}"
EndProject
Project("{FAE04EC0-301F-11D3-BF4B-00C04F79EFBC}") = "PharmacyTest", "PharmacyTest\PharmacyTest.csproj", "{BF62184F-1F13-454D-BA9A-6C8D08A02171}"
EndProject
Global
	GlobalSection(SolutionConfigurationPlatforms) = preSolution
		Debug|Any CPU = Debug|Any CPU
		Release|Any CPU = Release|Any CPU
	EndGlobalSection
	GlobalSection(ProjectConfigurationPlatforms) = postSolution
		{1FB95624-407E-4B8D-B715-0173C5D13B15}.Debug|Any CPU.ActiveCfg = Debug|Any CPU
		{1FB95624-407E-4B8D-B715-0173C5D13B15}.Debug|Any CPU.Build.0 = Debug|Any CPU
		{1FB95624-407E-4B8D-B715-0173C5D13B15}.Release|Any CPU.ActiveCfg = Release|Any CPU
		{1FB95624-407E-4B8D-B715-0173C5D13B15}.Release|Any CPU.Build.0 = Release|Any CPU
		{BF62184F-1F13-454D-BA9A-6C8D08A02171}.Debug|Any CPU.ActiveCfg = Debug|Any CPU
		{BF62184F-1F13-454D-BA9A-6C8D08A02171}.Debug|Any CPU.Build.0 = Debug|Any CPU
		{BF62184F-1F13-454D-BA9A-6C8D08A02171}.Release|Any CPU.ActiveCfg = Release|Any CPU
		{BF62184F-1F13-454D-BA9A-6C8D08A02171}.Release|Any CPU.Build.0 = Release|Any CPU
	EndGlobalSection
	GlobalSection(SolutionProperties) = preSolution
		HideSolutionNode = FALSE
	EndGlobalSection
	GlobalSection(ExtensibilityGlobals) = postSolution
		SolutionGuid = {AFA0B699-D196-4E9E-8D3C-C4A58F26E12B}
	EndGlobalSection
EndGlobal
